# This file was autogenerated by uv via the following command:
#    uv pip compile requirements-novnc.in --no-deps --generate-hashes --python-version 3.12 --python-platform linux -o requirements-novnc.lock
websockify==0.13.0 \
    --hash=sha256:9969731116653226c4c499a8a50712c8f3f7c105c615ead7ebc6ae781f0ba954 \
    --hash=sha256:ac497a8dafc7f51d28ca989f01cdf5f8add663a497d425a56b159dcb8d6a314c
    # via -r requirements-novnc.in
